// !$*UTF8*$!
{
	archiveVersion = 1;
	classes = {
	};
	objectVersion = 46;
	objects = {

/* Begin PBXBuildFile section */
		4DF1B0291F359A37005FF03C /* main.m in Sources */ = {isa = PBXBuildFile; fileRef = 4DF1B0281F359A37005FF03C /* main.m */; };
		4DF1B02C1F359A37005FF03C /* AppDelegate.m in Sources */ = {isa = PBXBuildFile; fileRef = 4DF1B02B1F359A37005FF03C /* AppDelegate.m */; };
		4DF1B0321F359A37005FF03C /* Main.storyboard in Resources */ = {isa = PBXBuildFile; fileRef = 4DF1B0301F359A37005FF03C /* Main.storyboard */; };
		4DF1B0341F359A37005FF03C /* Assets.xcassets in Resources */ = {isa = PBXBuildFile; fileRef = 4DF1B0331F359A37005FF03C /* Assets.xcassets */; };
		4DF1B0371F359A37005FF03C /* LaunchScreen.storyboard in Resources */ = {isa = PBXBuildFile; fileRef = 4DF1B0351F359A37005FF03C /* LaunchScreen.storyboard */; };
		4DF1B0431F359CAE005FF03C /* PaintingView.m in Sources */ = {isa = PBXBuildFile; fileRef = 4DF1B0421F359CAE005FF03C /* PaintingView.m */; };
		4DF1B0441F35C45A005FF03C /* ViewController.m in Sources */ = {isa = PBXBuildFile; fileRef = 4DF1B02E1F359A37005FF03C /* ViewController.m */; };
		4DF1B0471F365B2C005FF03C /* LineAndColorSaver.m in Sources */ = {isa = PBXBuildFile; fileRef = 4DF1B0461F365B2C005FF03C /* LineAndColorSaver.m */; };
/* End PBXBuildFile section */

/* Begin PBXFileReference section */
		4DF1B0241F359A37005FF03C /* FingerPrint.app */ = {isa = PBXFileReference; explicitFileType = wrapper.application; includeInIndex = 0; path = FingerPrint.app; sourceTree = BUILT_PRODUCTS_DIR; };
		4DF1B0281F359A37005FF03C /* main.m */ = {isa = PBXFileReference; lastKnownFileType = sourcecode.c.objc; path = main.m; sourceTree = "<group>"; };
		4DF1B02A1F359A37005FF03C /* AppDelegate.h */ = {isa = PBXFileReference; lastKnownFileType = sourcecode.c.h; path = AppDelegate.h; sourceTree = "<group>"; };
		4DF1B02B1F359A37005FF03C /* AppDelegate.m */ = {isa = PBXFileReference; lastKnownFileType = sourcecode.c.objc; path = AppDelegate.m; sourceTree = "<group>"; };
		4DF1B02D1F359A37005FF03C /* ViewController.h */ = {isa = PBXFileReference; lastKnownFileType = sourcecode.c.h; path = ViewController.h; sourceTree = "<group>"; };
		4DF1B02E1F359A37005FF03C /* ViewController.m */ = {isa = PBXFileReference; lastKnownFileType = sourcecode.c.objc; path = ViewController.m; sourceTree = "<group>"; };
		4DF1B0311F359A37005FF03C /* Base */ = {isa = PBXFileReference; lastKnownFileType = file.storyboard; name = Base; path = Base.lproj/Main.storyboard; sourceTree = "<group>"; };
		4DF1B0331F359A37005FF03C /* Assets.xcassets */ = {isa = PBXFileReference; lastKnownFileType = folder.assetcatalog; path = Assets.xcassets; sourceTree = "<group>"; };
		4DF1B0361F359A37005FF03C /* Base */ = {isa = PBXFileReference; lastKnownFileType = file.storyboard; name = Base; path = Base.lproj/LaunchScreen.storyboard; sourceTree = "<group>"; };
		4DF1B0381F359A37005FF03C /* Info.plist */ = {isa = PBXFileReference; lastKnownFileType = text.plist.xml; path = Info.plist; sourceTree = "<group>"; };
		4DF1B0411F359CAE005FF03C /* PaintingView.h */ = {isa = PBXFileReference; fileEncoding = 4; lastKnownFileType = sourcecode.c.h; name = PaintingView.h; path = ../PaintingView.h; sourceTree = "<group>"; };
		4DF1B0421F359CAE005FF03C /* PaintingView.m */ = {isa = PBXFileReference; fileEncoding = 4; lastKnownFileType = sourcecode.c.objc; name = PaintingView.m; path = ../PaintingView.m; sourceTree = "<group>"; };
		4DF1B0451F365B2C005FF03C /* LineAndColorSaver.h */ = {isa = PBXFileReference; fileEncoding = 4; lastKnownFileType = sourcecode.c.h; path = LineAndColorSaver.h; sourceTree = "<group>"; };
		4DF1B0461F365B2C005FF03C /* LineAndColorSaver.m */ = {isa = PBXFileReference; fileEncoding = 4; lastKnownFileType = sourcecode.c.objc; path = LineAndColorSaver.m; sourceTree = "<group>"; };
/* End PBXFileReference section */

/* Begin PBXFrameworksBuildPhase section */
		4DF1B0211F359A37005FF03C /* Frameworks */ = {
			isa = PBXFrameworksBuildPhase;
			buildActionMask = 2147483647;
			files = (
			);
			runOnlyForDeploymentPostprocessing = 0;
		};
/* End PBXFrameworksBuildPhase section */

/* Begin PBXGroup section */
		4DF1B01B1F359A37005FF03C = {
			isa = PBXGroup;
			children = (
				4DF1B0261F359A37005FF03C /* FingerPrint */,
				4DF1B0251F359A37005FF03C /* Products */,
			);
			sourceTree = "<group>";
		};
		4DF1B0251F359A37005FF03C /* Products */ = {
			isa = PBXGroup;
			children = (
				4DF1B0241F359A37005FF03C /* FingerPrint.app */,
			);
			name = Products;
			sourceTree = "<group>";
		};
		4DF1B0261F359A37005FF03C /* FingerPrint */ = {
			isa = PBXGroup;
			children = (
				4DF1B02A1F359A37005FF03C /* AppDelegate.h */,
				4DF1B02B1F359A37005FF03C /* AppDelegate.m */,
				4DF1B0301F359A37005FF03C /* Main.storyboard */,
				4DF1B02D1F359A37005FF03C /* ViewController.h */,
				4DF1B02E1F359A37005FF03C /* ViewController.m */,
				4DF1B0411F359CAE005FF03C /* PaintingView.h */,
				4DF1B0421F359CAE005FF03C /* PaintingView.m */,
				4DF1B0451F365B2C005FF03C /* LineAndColorSaver.h */,
				4DF1B0461F365B2C005FF03C /* LineAndColorSaver.m */,
				4DF1B0331F359A37005FF03C /* Assets.xcassets */,
				4DF1B0351F359A37005FF03C /* LaunchScreen.storyboard */,
				4DF1B0381F359A37005FF03C /* Info.plist */,
				4DF1B0271F359A37005FF03C /* Supporting Files */,
			);
			path = FingerPrint;
			sourceTree = "<group>";
		};
		4DF1B0271F359A37005FF03C /* Supporting Files */ = {
			isa = PBXGroup;
			children = (
				4DF1B0281F359A37005FF03C /* main.m */,
			);
			name = "Supporting Files";
			sourceTree = "<group>";
		};
/* End PBXGroup section */

/* Begin PBXNativeTarget section */
		4DF1B0231F359A37005FF03C /* FingerPrint */ = {
			isa = PBXNativeTarget;
			buildConfigurationList = 4DF1B03B1F359A37005FF03C /* Build configuration list for PBXNativeTarget "FingerPrint" */;
			buildPhases = (
				4DF1B0201F359A37005FF03C /* Sources */,
				4DF1B0211F359A37005FF03C /* Frameworks */,
				4DF1B0221F359A37005FF03C /* Resources */,
			);
			buildRules = (
			);
			dependencies = (
			);
			name = FingerPrint;
			productName = FingerPrint;
			productReference = 4DF1B0241F359A37005FF03C /* FingerPrint.app */;
			productType = "com.apple.product-type.application";
		};
/* End PBXNativeTarget section */

/* Begin PBXProject section */
		4DF1B01C1F359A37005FF03C /* Project object */ = {
			isa = PBXProject;
			attributes = {
				LastUpgradeCheck = 0830;
				ORGANIZATIONNAME = "Jaewon Kim";
				TargetAttributes = {
					4DF1B0231F359A37005FF03C = {
						CreatedOnToolsVersion = 8.3.3;
						ProvisioningStyle = Automatic;
					};
				};
			};
			buildConfigurationList = 4DF1B01F1F359A37005FF03C /* Build configuration list for PBXProject "FingerPrint" */;
			compatibilityVersion = "Xcode 3.2";
			developmentRegion = English;
			hasScannedForEncodings = 0;
			knownRegions = (
				en,
				Base,
			);
			mainGroup = 4DF1B01B1F359A37005FF03C;
			productRefGroup = 4DF1B0251F359A37005FF03C /* Products */;
			projectDirPath = "";
			projectRoot = "";
			targets = (
				4DF1B0231F359A37005FF03C /* FingerPrint */,
			);
		};
/* End PBXProject section */

/* Begin PBXResourcesBuildPhase section */
		4DF1B0221F359A37005FF03C /* Resources */ = {
			isa = PBXResourcesBuildPhase;
			buildActionMask = 2147483647;
			files = (
				4DF1B0371F359A37005FF03C /* LaunchScreen.storyboard in Resources */,
				4DF1B0341F359A37005FF03C /* Assets.xcassets in Resources */,
				4DF1B0321F359A37005FF03C /* Main.storyboard in Resources */,
			);
			runOnlyForDeploymentPostprocessing = 0;
		};
/* End PBXResourcesBuildPhase section */

/* Begin PBXSourcesBuildPhase section */
		4DF1B0201F359A37005FF03C /* Sources */ = {
			isa = PBXSourcesBuildPhase;
			buildActionMask = 2147483647;
			files = (
				4DF1B02C1F359A37005FF03C /* AppDelegate.m in Sources */,
				4DF1B0431F359CAE005FF03C /* PaintingView.m in Sources */,
				4DF1B0441F35C45A005FF03C /* ViewController.m in Sources */,
				4DF1B0471F365B2C005FF03C /* LineAndColorSaver.m in Sources */,
				4DF1B0291F359A37005FF03C /* main.m in Sources */,
			);
			runOnlyForDeploymentPostprocessing = 0;
		};
/* End PBXSourcesBuildPhase section */

/* Begin PBXVariantGroup section */
		4DF1B0301F359A37005FF03C /* Main.storyboard */ = {
			isa = PBXVariantGroup;
			children = (
				4DF1B0311F359A37005FF03C /* Base */,
			);
			name = Main.storyboard;
			sourceTree = "<group>";
		};
		4DF1B0351F359A37005FF03C /* LaunchScreen.storyboard */ = {
			isa = PBXVariantGroup;
			children = (
				4DF1B0361F359A37005FF03C /* Base */,
			);
			name = LaunchScreen.storyboard;
			sourceTree = "<group>";
		};
/* End PBXVariantGroup section */

/* Begin XCBuildConfiguration section */
		4DF1B0391F359A37005FF03C /* Debug */ = {
			isa = XCBuildConfiguration;
			buildSettings = {
				ALWAYS_SEARCH_USER_PATHS = NO;
				CLANG_ANALYZER_NONNULL = YES;
				CLANG_ANALYZER_NUMBER_OBJECT_CONVERSION = YES_AGGRESSIVE;
				CLANG_CXX_LANGUAGE_STANDARD = "gnu++0x";
				CLANG_CXX_LIBRARY = "libc++";
				CLANG_ENABLE_MODULES = YES;
				CLANG_ENABLE_OBJC_ARC = YES;
				CLANG_WARN_BOOL_CONVERSION = YES;
				CLANG_WARN_CONSTANT_CONVERSION = YES;
				CLANG_WARN_DIRECT_OBJC_ISA_USAGE = YES_ERROR;
				CLANG_WARN_DOCUMENTATION_COMMENTS = YES;
				CLANG_WARN_EMPTY_BODY = YES;
				CLANG_WARN_ENUM_CONVERSION = YES;
				CLANG_WARN_INFINITE_RECURSION = YES;
				CLANG_WARN_INT_CONVERSION = YES;
				CLANG_WARN_OBJC_ROOT_CLASS = YES_ERROR;
				CLANG_WARN_SUSPICIOUS_MOVE = YES;
				CLANG_WARN_UNREACHABLE_CODE = YES;
				CLANG_WARN__DUPLICATE_METHOD_MATCH = YES;
				"CODE_SIGN_IDENTITY[sdk=iphoneos*]" = "iPhone Developer";
				COPY_PHASE_STRIP = NO;
				DEBUG_INFORMATION_FORMAT = dwarf;
				ENABLE_STRICT_OBJC_MSGSEND = YES;
				ENABLE_TESTABILITY = YES;
				GCC_C_LANGUAGE_STANDARD = gnu99;
				GCC_DYNAMIC_NO_PIC = NO;
				GCC_NO_COMMON_BLOCKS = YES;
				GCC_OPTIMIZATION_LEVEL = 0;
				GCC_PREPROCESSOR_DEFINITIONS = (
					"DEBUG=1",
					"$(inherited)",
				);
				GCC_WARN_64_TO_32_BIT_CONVERSION = YES;
				GCC_WARN_ABOUT_RETURN_TYPE = YES_ERROR;
				GCC_WARN_UNDECLARED_SELECTOR = YES;
				GCC_WARN_UNINITIALIZED_AUTOS = YES_AGGRESSIVE;
				GCC_WARN_UNUSED_FUNCTION = YES;
				GCC_WARN_UNUSED_VARIABLE = YES;
				IPHONEOS_DEPLOYMENT_TARGET = 10.3;
				MTL_ENABLE_DEBUG_INFO = YES;
				ONLY_ACTIVE_ARCH = YES;
				SDKROOT = iphoneos;
			};
			name = Debug;
		};
		4DF1B03A1F359A37005FF03C /* Release */ = {
			isa = XCBuildConfiguration;
			buildSettings = {
				ALWAYS_SEARCH_USER_PATHS = NO;
				CLANG_ANALYZER_NONNULL = YES;
				CLANG_ANALYZER_NUMBER_OBJECT_CONVERSION = YES_AGGRESSIVE;
				CLANG_CXX_LANGUAGE_STANDARD = "gnu++0x";
				CLANG_CXX_LIBRARY = "libc++";
				CLANG_ENABLE_MODULES = YES;
				CLANG_ENABLE_OBJC_ARC = YES;
				CLANG_WARN_BOOL_CONVERSION = YES;
				CLANG_WARN_CONSTANT_CONVERSION = YES;
				CLANG_WARN_DIRECT_OBJC_ISA_USAGE = YES_ERROR;
				CLANG_WARN_DOCUMENTATION_COMMENTS = YES;
				CLANG_WARN_EMPTY_BODY = YES;
				CLANG_WARN_ENUM_CONVERSION = YES;
				CLANG_WARN_INFINITE_RECURSION = YES;
				CLANG_WARN_INT_CONVERSION = YES;
				CLANG_WARN_OBJC_ROOT_CLASS = YES_ERROR;
				CLANG_WARN_SUSPICIOUS_MOVE = YES;
				CLANG_WARN_UNREACHABLE_CODE = YES;
				CLANG_WARN__DUPLICATE_METHOD_MATCH = YES;
				"CODE_SIGN_IDENTITY[sdk=iphoneos*]" = "iPhone Developer";
				COPY_PHASE_STRIP = NO;
				DEBUG_INFORMATION_FORMAT = "dwarf-with-dsym";
				ENABLE_NS_ASSERTIONS = NO;
				ENABLE_STRICT_OBJC_MSGSEND = YES;
				GCC_C_LANGUAGE_STANDARD = gnu99;
				GCC_NO_COMMON_BLOCKS = YES;
				GCC_WARN_64_TO_32_BIT_CONVERSION = YES;
				GCC_WARN_ABOUT_RETURN_TYPE = YES_ERROR;
				GCC_WARN_UNDECLARED_SELECTOR = YES;
				GCC_WARN_UNINITIALIZED_AUTOS = YES_AGGRESSIVE;
				GCC_WARN_UNUSED_FUNCTION = YES;
				GCC_WARN_UNUSED_VARIABLE = YES;
				IPHONEOS_DEPLOYMENT_TARGET = 10.3;
				MTL_ENABLE_DEBUG_INFO = NO;
				SDKROOT = iphoneos;
				VALIDATE_PRODUCT = YES;
			};
			name = Release;
		};
		4DF1B03C1F359A37005FF03C /* Debug */ = {
			isa = XCBuildConfiguration;
			buildSettings = {
				ASSETCATALOG_COMPILER_APPICON_NAME = AppIcon;
				INFOPLIST_FILE = FingerPrint/Info.plist;
				LD_RUNPATH_SEARCH_PATHS = "$(inherited) @executable_path/Frameworks";
				PRODUCT_BUNDLE_IDENTIFIER = com.jaewonkim.FingerPrint;
				PRODUCT_NAME = "$(TARGET_NAME)";
			};
			name = Debug;
		};
		4DF1B03D1F359A37005FF03C /* Release */ = {
			isa = XCBuildConfiguration;
			buildSettings = {
				ASSETCATALOG_COMPILER_APPICON_NAME = AppIcon;
				INFOPLIST_FILE = FingerPrint/Info.plist;
				LD_RUNPATH_SEARCH_PATHS = "$(inherited) @executable_path/Frameworks";
				PRODUCT_BUNDLE_IDENTIFIER = com.jaewonkim.FingerPrint;
				PRODUCT_NAME = "$(TARGET_NAME)";
			};
			name = Release;
		};
/* End XCBuildConfiguration section */

/* Begin XCConfigurationList section */
		4DF1B01F1F359A37005FF03C /* Build configuration list for PBXProject "FingerPrint" */ = {
			isa = XCConfigurationList;
			buildConfigurations = (
				4DF1B0391F359A37005FF03C /* Debug */,
				4DF1B03A1F359A37005FF03C /* Release */,
			);
			defaultConfigurationIsVisible = 0;
			defaultConfigurationName = Release;
		};
		4DF1B03B1F359A37005FF03C /* Build configuration list for PBXNativeTarget "FingerPrint" */ = {
			isa = XCConfigurationList;
			buildConfigurations = (
				4DF1B03C1F359A37005FF03C /* Debug */,
				4DF1B03D1F359A37005FF03C /* Release */,
			);
			defaultConfigurationIsVisible = 0;
			defaultConfigurationName = Release;
		};
/* End XCConfigurationList section */
	};
	rootObject = 4DF1B01C1F359A37005FF03C /* Project object */;
}
